// !$*UTF8*$!
{
	archiveVersion = 1;
	classes = {
	};
	objectVersion = 48;
	objects = {

/* Begin PBXBuildFile section */
		3E3A6511E0C2E1EABD867CBC /* libPods-Abloadtool.a in Frameworks */ = {isa = PBXBuildFile; fileRef = A20A928C3CA6579C7E7B319A /* libPods-Abloadtool.a */; };
		A1049B23201104BE0099A2AE /* AT_SettingOutputLinksTableViewController.m in Sources */ = {isa = PBXBuildFile; fileRef = A1049B22201104BE0099A2AE /* AT_SettingOutputLinksTableViewController.m */; };
		A1067D7D1F8652D0007D1D89 /* libAFNetworking.a in Frameworks */ = {isa = PBXBuildFile; fileRef = A1067D7E1F8652D0007D1D89 /* libAFNetworking.a */; };
		A1067D811F866CCF007D1D89 /* NetworkManager.m in Sources */ = {isa = PBXBuildFile; fileRef = A1067D801F866CCF007D1D89 /* NetworkManager.m */; };
		A11E2A551FCEBCF7008055E4 /* AT_SettingScaleTableViewController.m in Sources */ = {isa = PBXBuildFile; fileRef = A11E2A541FCEBCF7008055E4 /* AT_SettingScaleTableViewController.m */; };
		A11E2A581FCEBD16008055E4 /* AT_SettingResolutionTableViewController.m in Sources */ = {isa = PBXBuildFile; fileRef = A11E2A571FCEBD16008055E4 /* AT_SettingResolutionTableViewController.m */; };
		A12E2276200759CF000623E5 /* AT_DetailedViewController.m in Sources */ = {isa = PBXBuildFile; fileRef = A12E2275200759CF000623E5 /* AT_DetailedViewController.m */; };
		A1780F0F1FB5D807009BFED0 /* AT_SettingTableViewController.m in Sources */ = {isa = PBXBuildFile; fileRef = A1780F0E1FB5D807009BFED0 /* AT_SettingTableViewController.m */; };
		A1780F121FB60385009BFED0 /* AT_SettingGalleryTableViewController.m in Sources */ = {isa = PBXBuildFile; fileRef = A1780F111FB60385009BFED0 /* AT_SettingGalleryTableViewController.m */; };
		A17DD45A2003A21700642310 /* AT_ImageTableViewCell.m in Sources */ = {isa = PBXBuildFile; fileRef = A17DD4592003A21700642310 /* AT_ImageTableViewCell.m */; };
		A17DD45D2003CD0500642310 /* AT_UploadTableViewCell.m in Sources */ = {isa = PBXBuildFile; fileRef = A17DD45C2003CD0500642310 /* AT_UploadTableViewCell.m */; };
		A181C69E202E104700DA6282 /* AT_AboutTableViewController.m in Sources */ = {isa = PBXBuildFile; fileRef = A181C69D202E104700DA6282 /* AT_AboutTableViewController.m */; };
		A1866B982008D8DA00752895 /* libUzysAssetsPickerController.a in Frameworks */ = {isa = PBXBuildFile; fileRef = A1866B992008D8DA00752895 /* libUzysAssetsPickerController.a */; };
		A18B58EF201266DA00379284 /* outputlinks.plist in Resources */ = {isa = PBXBuildFile; fileRef = A18B58F1201266DA00379284 /* outputlinks.plist */; };
		A18B58F3201266ED00379284 /* resolutions.plist in Resources */ = {isa = PBXBuildFile; fileRef = A18B58F5201266ED00379284 /* resolutions.plist */; };
		A18B58F7201266F500379284 /* scalemethods.plist in Resources */ = {isa = PBXBuildFile; fileRef = A18B58F9201266F500379284 /* scalemethods.plist */; };
		A18B58FE2012686100379284 /* Localizable.strings in Resources */ = {isa = PBXBuildFile; fileRef = A18B58FC2012686100379284 /* Localizable.strings */; };
		A18EDF441FA34E6300F8E80E /* AT_UploadTableViewController.m in Sources */ = {isa = PBXBuildFile; fileRef = A18EDF431FA34E6300F8E80E /* AT_UploadTableViewController.m */; };
		A1AD2D812035DF4C00777D07 /* ShareViewController.m in Sources */ = {isa = PBXBuildFile; fileRef = A1AD2D802035DF4C00777D07 /* ShareViewController.m */; };
		A1AD2D842035DF4C00777D07 /* MainInterface.storyboard in Resources */ = {isa = PBXBuildFile; fileRef = A1AD2D822035DF4C00777D07 /* MainInterface.storyboard */; };
		A1AD2D882035DF4C00777D07 /* AbloadtoolShare.appex in Embed App Extensions */ = {isa = PBXBuildFile; fileRef = A1AD2D7D2035DF4C00777D07 /* AbloadtoolShare.appex */; settings = {ATTRIBUTES = (RemoveHeadersOnCopy, ); }; };
		A1AD2D8D203618E800777D07 /* Localizable.strings in Resources */ = {isa = PBXBuildFile; fileRef = A18B58FC2012686100379284 /* Localizable.strings */; };
		A1B00A662013734600059ADE /* UIImage+Scale.m in Sources */ = {isa = PBXBuildFile; fileRef = A1B00A652013734600059ADE /* UIImage+Scale.m */; };
		A1B00A6F20139A9000059ADE /* InfoPlist.strings in Resources */ = {isa = PBXBuildFile; fileRef = A1B00A7120139A9000059ADE /* InfoPlist.strings */; };
		A1B1E3C81F98E70300C05787 /* AT_GalleryTableViewController.m in Sources */ = {isa = PBXBuildFile; fileRef = A1B1E3C71F98E70300C05787 /* AT_GalleryTableViewController.m */; };
		A1B94BB81FB0769900929CBC /* LICENSE in Resources */ = {isa = PBXBuildFile; fileRef = A1B94BB71FB0769900929CBC /* LICENSE */; };
		A1BAD3FD1FA251F400865051 /* AT_TabBarController.m in Sources */ = {isa = PBXBuildFile; fileRef = A1BAD3FC1FA251F400865051 /* AT_TabBarController.m */; };
		A1C5492B20065BA900121C46 /* AT_ImageTableViewController.m in Sources */ = {isa = PBXBuildFile; fileRef = A1C5492A20065BA900121C46 /* AT_ImageTableViewController.m */; };
		A1E504DE1F8BECEB0029146D /* libXMLDictionary.a in Frameworks */ = {isa = PBXBuildFile; fileRef = A1E504DF1F8BECEB0029146D /* libXMLDictionary.a */; };
		A1EE6B5D1F864E0700F78F24 /* AppDelegate.m in Sources */ = {isa = PBXBuildFile; fileRef = A1EE6B5C1F864E0700F78F24 /* AppDelegate.m */; };
		A1EE6B681F864E0700F78F24 /* Assets.xcassets in Resources */ = {isa = PBXBuildFile; fileRef = A1EE6B671F864E0700F78F24 /* Assets.xcassets */; };
		A1EE6B6B1F864E0700F78F24 /* LaunchScreen.storyboard in Resources */ = {isa = PBXBuildFile; fileRef = A1EE6B691F864E0700F78F24 /* LaunchScreen.storyboard */; };
		A1EE6B6E1F864E0700F78F24 /* main.m in Sources */ = {isa = PBXBuildFile; fileRef = A1EE6B6D1F864E0700F78F24 /* main.m */; };
/* End PBXBuildFile section */

/* Begin PBXContainerItemProxy section */
		A1AD2D862035DF4C00777D07 /* PBXContainerItemProxy */ = {
			isa = PBXContainerItemProxy;
			containerPortal = A1EE6B501F864E0700F78F24 /* Project object */;
			proxyType = 1;
			remoteGlobalIDString = A1AD2D7C2035DF4C00777D07;
			remoteInfo = AbloadtoolShare;
		};
/* End PBXContainerItemProxy section */

/* Begin PBXCopyFilesBuildPhase section */
		A1AD2D772035D20700777D07 /* Embed App Extensions */ = {
			isa = PBXCopyFilesBuildPhase;
			buildActionMask = 2147483647;
			dstPath = "";
			dstSubfolderSpec = 13;
			files = (
				A1AD2D882035DF4C00777D07 /* AbloadtoolShare.appex in Embed App Extensions */,
			);
			name = "Embed App Extensions";
			runOnlyForDeploymentPostprocessing = 0;
		};
/* End PBXCopyFilesBuildPhase section */

/* Begin PBXFileReference section */
		0153291D76D079647D18A38C /* Pods-AbloadtoolTests.debug.xcconfig */ = {isa = PBXFileReference; includeInIndex = 1; lastKnownFileType = text.xcconfig; name = "Pods-AbloadtoolTests.debug.xcconfig"; path = "Pods/Target Support Files/Pods-AbloadtoolTests/Pods-AbloadtoolTests.debug.xcconfig"; sourceTree = "<group>"; };
		07340EA2D57CB46617C65DED /* Pods-AbloadtoolUITests.release.xcconfig */ = {isa = PBXFileReference; includeInIndex = 1; lastKnownFileType = text.xcconfig; name = "Pods-AbloadtoolUITests.release.xcconfig"; path = "Pods/Target Support Files/Pods-AbloadtoolUITests/Pods-AbloadtoolUITests.release.xcconfig"; sourceTree = "<group>"; };
		A1049B21201104BE0099A2AE /* AT_SettingOutputLinksTableViewController.h */ = {isa = PBXFileReference; lastKnownFileType = sourcecode.c.h; path = AT_SettingOutputLinksTableViewController.h; sourceTree = "<group>"; };
		A1049B22201104BE0099A2AE /* AT_SettingOutputLinksTableViewController.m */ = {isa = PBXFileReference; lastKnownFileType = sourcecode.c.objc; path = AT_SettingOutputLinksTableViewController.m; sourceTree = "<group>"; };
		A1067D7E1F8652D0007D1D89 /* libAFNetworking.a */ = {isa = PBXFileReference; explicitFileType = archive.ar; path = libAFNetworking.a; sourceTree = BUILT_PRODUCTS_DIR; };
		A1067D7F1F866CCF007D1D89 /* NetworkManager.h */ = {isa = PBXFileReference; lastKnownFileType = sourcecode.c.h; path = NetworkManager.h; sourceTree = "<group>"; };
		A1067D801F866CCF007D1D89 /* NetworkManager.m */ = {isa = PBXFileReference; lastKnownFileType = sourcecode.c.objc; path = NetworkManager.m; sourceTree = "<group>"; };
		A11E2A531FCEBCF7008055E4 /* AT_SettingScaleTableViewController.h */ = {isa = PBXFileReference; lastKnownFileType = sourcecode.c.h; path = AT_SettingScaleTableViewController.h; sourceTree = "<group>"; };
		A11E2A541FCEBCF7008055E4 /* AT_SettingScaleTableViewController.m */ = {isa = PBXFileReference; lastKnownFileType = sourcecode.c.objc; path = AT_SettingScaleTableViewController.m; sourceTree = "<group>"; };
		A11E2A561FCEBD16008055E4 /* AT_SettingResolutionTableViewController.h */ = {isa = PBXFileReference; lastKnownFileType = sourcecode.c.h; path = AT_SettingResolutionTableViewController.h; sourceTree = "<group>"; };
		A11E2A571FCEBD16008055E4 /* AT_SettingResolutionTableViewController.m */ = {isa = PBXFileReference; lastKnownFileType = sourcecode.c.objc; path = AT_SettingResolutionTableViewController.m; sourceTree = "<group>"; };
		A1262136204C79AA006E7D67 /* libAFNetworking.a */ = {isa = PBXFileReference; explicitFileType = archive.ar; path = libAFNetworking.a; sourceTree = BUILT_PRODUCTS_DIR; };
		A12E2274200759CF000623E5 /* AT_DetailedViewController.h */ = {isa = PBXFileReference; lastKnownFileType = sourcecode.c.h; path = AT_DetailedViewController.h; sourceTree = "<group>"; };
		A12E2275200759CF000623E5 /* AT_DetailedViewController.m */ = {isa = PBXFileReference; lastKnownFileType = sourcecode.c.objc; path = AT_DetailedViewController.m; sourceTree = "<group>"; };
		A146C1F32012612B0070BC92 /* Info.plist */ = {isa = PBXFileReference; fileEncoding = 4; lastKnownFileType = text.plist.xml; path = Info.plist; sourceTree = "<group>"; };
		A1623B261FD30BBE00B6DF49 /* libQBImagePickerController.a */ = {isa = PBXFileReference; explicitFileType = archive.ar; path = libQBImagePickerController.a; sourceTree = BUILT_PRODUCTS_DIR; };
		A1780F0D1FB5D807009BFED0 /* AT_SettingTableViewController.h */ = {isa = PBXFileReference; lastKnownFileType = sourcecode.c.h; path = AT_SettingTableViewController.h; sourceTree = "<group>"; };
		A1780F0E1FB5D807009BFED0 /* AT_SettingTableViewController.m */ = {isa = PBXFileReference; lastKnownFileType = sourcecode.c.objc; path = AT_SettingTableViewController.m; sourceTree = "<group>"; };
		A1780F101FB60385009BFED0 /* AT_SettingGalleryTableViewController.h */ = {isa = PBXFileReference; lastKnownFileType = sourcecode.c.h; path = AT_SettingGalleryTableViewController.h; sourceTree = "<group>"; };
		A1780F111FB60385009BFED0 /* AT_SettingGalleryTableViewController.m */ = {isa = PBXFileReference; lastKnownFileType = sourcecode.c.objc; path = AT_SettingGalleryTableViewController.m; sourceTree = "<group>"; };
		A17DD4582003A21700642310 /* AT_ImageTableViewCell.h */ = {isa = PBXFileReference; lastKnownFileType = sourcecode.c.h; path = AT_ImageTableViewCell.h; sourceTree = "<group>"; };
		A17DD4592003A21700642310 /* AT_ImageTableViewCell.m */ = {isa = PBXFileReference; lastKnownFileType = sourcecode.c.objc; path = AT_ImageTableViewCell.m; sourceTree = "<group>"; };
		A17DD45B2003CD0500642310 /* AT_UploadTableViewCell.h */ = {isa = PBXFileReference; lastKnownFileType = sourcecode.c.h; path = AT_UploadTableViewCell.h; sourceTree = "<group>"; };
		A17DD45C2003CD0500642310 /* AT_UploadTableViewCell.m */ = {isa = PBXFileReference; lastKnownFileType = sourcecode.c.objc; path = AT_UploadTableViewCell.m; sourceTree = "<group>"; };
		A181C69C202E104700DA6282 /* AT_AboutTableViewController.h */ = {isa = PBXFileReference; lastKnownFileType = sourcecode.c.h; path = AT_AboutTableViewController.h; sourceTree = "<group>"; };
		A181C69D202E104700DA6282 /* AT_AboutTableViewController.m */ = {isa = PBXFileReference; lastKnownFileType = sourcecode.c.objc; path = AT_AboutTableViewController.m; sourceTree = "<group>"; };
		A1866B992008D8DA00752895 /* libUzysAssetsPickerController.a */ = {isa = PBXFileReference; explicitFileType = archive.ar; path = libUzysAssetsPickerController.a; sourceTree = BUILT_PRODUCTS_DIR; };
		A1866B9A2008DB3B00752895 /* Abloadtool.entitlements */ = {isa = PBXFileReference; lastKnownFileType = text.plist.entitlements; path = Abloadtool.entitlements; sourceTree = "<group>"; };
		A18B58F0201266DA00379284 /* en */ = {isa = PBXFileReference; lastKnownFileType = text.plist.xml; name = en; path = en.lproj/outputlinks.plist; sourceTree = "<group>"; };
		A18B58F2201266DC00379284 /* de */ = {isa = PBXFileReference; lastKnownFileType = text.plist.xml; name = de; path = de.lproj/outputlinks.plist; sourceTree = "<group>"; };
		A18B58F4201266ED00379284 /* en */ = {isa = PBXFileReference; lastKnownFileType = text.plist.xml; name = en; path = en.lproj/resolutions.plist; sourceTree = "<group>"; };
		A18B58F6201266EF00379284 /* de */ = {isa = PBXFileReference; lastKnownFileType = text.plist.xml; name = de; path = de.lproj/resolutions.plist; sourceTree = "<group>"; };
		A18B58F8201266F500379284 /* en */ = {isa = PBXFileReference; lastKnownFileType = text.plist.xml; name = en; path = en.lproj/scalemethods.plist; sourceTree = "<group>"; };
		A18B58FA201266F700379284 /* de */ = {isa = PBXFileReference; lastKnownFileType = text.plist.xml; name = de; path = de.lproj/scalemethods.plist; sourceTree = "<group>"; };
		A18B58FB2012675D00379284 /* en */ = {isa = PBXFileReference; lastKnownFileType = file.storyboard; name = en; path = en.lproj/LaunchScreen.storyboard; sourceTree = "<group>"; };
		A18B58FD2012686100379284 /* en */ = {isa = PBXFileReference; lastKnownFileType = text.plist.strings; name = en; path = en.lproj/Localizable.strings; sourceTree = "<group>"; };
		A18B58FF2012686A00379284 /* de */ = {isa = PBXFileReference; lastKnownFileType = text.plist.strings; name = de; path = de.lproj/Localizable.strings; sourceTree = "<group>"; };
		A18EDF421FA34E6300F8E80E /* AT_UploadTableViewController.h */ = {isa = PBXFileReference; lastKnownFileType = sourcecode.c.h; path = AT_UploadTableViewController.h; sourceTree = "<group>"; };
		A18EDF431FA34E6300F8E80E /* AT_UploadTableViewController.m */ = {isa = PBXFileReference; lastKnownFileType = sourcecode.c.objc; path = AT_UploadTableViewController.m; sourceTree = "<group>"; };
		A1AD2D7D2035DF4C00777D07 /* AbloadtoolShare.appex */ = {isa = PBXFileReference; explicitFileType = "wrapper.app-extension"; includeInIndex = 0; path = AbloadtoolShare.appex; sourceTree = BUILT_PRODUCTS_DIR; };
		A1AD2D7F2035DF4C00777D07 /* ShareViewController.h */ = {isa = PBXFileReference; lastKnownFileType = sourcecode.c.h; path = ShareViewController.h; sourceTree = "<group>"; };
		A1AD2D802035DF4C00777D07 /* ShareViewController.m */ = {isa = PBXFileReference; lastKnownFileType = sourcecode.c.objc; path = ShareViewController.m; sourceTree = "<group>"; };
		A1AD2D832035DF4C00777D07 /* Base */ = {isa = PBXFileReference; lastKnownFileType = file.storyboard; name = Base; path = Base.lproj/MainInterface.storyboard; sourceTree = "<group>"; };
		A1AD2D852035DF4C00777D07 /* Info.plist */ = {isa = PBXFileReference; lastKnownFileType = text.plist.xml; path = Info.plist; sourceTree = "<group>"; };
		A1AD2D8C2035E0B000777D07 /* AbloadtoolShare.entitlements */ = {isa = PBXFileReference; lastKnownFileType = text.plist.entitlements; path = AbloadtoolShare.entitlements; sourceTree = "<group>"; };
		A1B00A642013734600059ADE /* UIImage+Scale.h */ = {isa = PBXFileReference; fileEncoding = 4; lastKnownFileType = sourcecode.c.h; path = "UIImage+Scale.h"; sourceTree = "<group>"; };
		A1B00A652013734600059ADE /* UIImage+Scale.m */ = {isa = PBXFileReference; fileEncoding = 4; lastKnownFileType = sourcecode.c.objc; path = "UIImage+Scale.m"; sourceTree = "<group>"; };
		A1B00A7020139A9000059ADE /* en */ = {isa = PBXFileReference; lastKnownFileType = text.plist.strings; name = en; path = en.lproj/InfoPlist.strings; sourceTree = "<group>"; };
		A1B00A7220139A9400059ADE /* de */ = {isa = PBXFileReference; lastKnownFileType = text.plist.strings; name = de; path = de.lproj/InfoPlist.strings; sourceTree = "<group>"; };
		A1B1E3C61F98E70300C05787 /* AT_GalleryTableViewController.h */ = {isa = PBXFileReference; lastKnownFileType = sourcecode.c.h; path = AT_GalleryTableViewController.h; sourceTree = "<group>"; };
		A1B1E3C71F98E70300C05787 /* AT_GalleryTableViewController.m */ = {isa = PBXFileReference; lastKnownFileType = sourcecode.c.objc; path = AT_GalleryTableViewController.m; sourceTree = "<group>"; };
		A1B94BB71FB0769900929CBC /* LICENSE */ = {isa = PBXFileReference; lastKnownFileType = text; path = LICENSE; sourceTree = "<group>"; };
		A1BAD3FB1FA251F400865051 /* AT_TabBarController.h */ = {isa = PBXFileReference; lastKnownFileType = sourcecode.c.h; path = AT_TabBarController.h; sourceTree = "<group>"; };
		A1BAD3FC1FA251F400865051 /* AT_TabBarController.m */ = {isa = PBXFileReference; lastKnownFileType = sourcecode.c.objc; path = AT_TabBarController.m; sourceTree = "<group>"; };
		A1C5492920065BA900121C46 /* AT_ImageTableViewController.h */ = {isa = PBXFileReference; lastKnownFileType = sourcecode.c.h; path = AT_ImageTableViewController.h; sourceTree = "<group>"; };
		A1C5492A20065BA900121C46 /* AT_ImageTableViewController.m */ = {isa = PBXFileReference; lastKnownFileType = sourcecode.c.objc; path = AT_ImageTableViewController.m; sourceTree = "<group>"; };
		A1E504DF1F8BECEB0029146D /* libXMLDictionary.a */ = {isa = PBXFileReference; explicitFileType = archive.ar; path = libXMLDictionary.a; sourceTree = BUILT_PRODUCTS_DIR; };
		A1E504E01F8C06BB0029146D /* README.md */ = {isa = PBXFileReference; lastKnownFileType = net.daringfireball.markdown; path = README.md; sourceTree = "<group>"; };
		A1E504E11F8C06C70029146D /* API.md */ = {isa = PBXFileReference; lastKnownFileType = net.daringfireball.markdown; path = API.md; sourceTree = "<group>"; };
		A1EE6B581F864E0700F78F24 /* Abloadtool.app */ = {isa = PBXFileReference; explicitFileType = wrapper.application; includeInIndex = 0; path = Abloadtool.app; sourceTree = BUILT_PRODUCTS_DIR; };
		A1EE6B5B1F864E0700F78F24 /* AppDelegate.h */ = {isa = PBXFileReference; lastKnownFileType = sourcecode.c.h; path = AppDelegate.h; sourceTree = "<group>"; };
		A1EE6B5C1F864E0700F78F24 /* AppDelegate.m */ = {isa = PBXFileReference; lastKnownFileType = sourcecode.c.objc; path = AppDelegate.m; sourceTree = "<group>"; };
		A1EE6B671F864E0700F78F24 /* Assets.xcassets */ = {isa = PBXFileReference; lastKnownFileType = folder.assetcatalog; path = Assets.xcassets; sourceTree = "<group>"; };
		A1EE6B6D1F864E0700F78F24 /* main.m */ = {isa = PBXFileReference; fileEncoding = 4; lastKnownFileType = sourcecode.c.objc; path = main.m; sourceTree = "<group>"; };
		A20A928C3CA6579C7E7B319A /* libPods-Abloadtool.a */ = {isa = PBXFileReference; explicitFileType = archive.ar; includeInIndex = 0; path = "libPods-Abloadtool.a"; sourceTree = BUILT_PRODUCTS_DIR; };
		B57E11279FF8618D7CEC1E87 /* Pods-AbloadtoolUITests.debug.xcconfig */ = {isa = PBXFileReference; includeInIndex = 1; lastKnownFileType = text.xcconfig; name = "Pods-AbloadtoolUITests.debug.xcconfig"; path = "Pods/Target Support Files/Pods-AbloadtoolUITests/Pods-AbloadtoolUITests.debug.xcconfig"; sourceTree = "<group>"; };
		BB3EFA445ED4F087135CB5F9 /* Pods-Abloadtool.release.xcconfig */ = {isa = PBXFileReference; includeInIndex = 1; lastKnownFileType = text.xcconfig; name = "Pods-Abloadtool.release.xcconfig"; path = "Pods/Target Support Files/Pods-Abloadtool/Pods-Abloadtool.release.xcconfig"; sourceTree = "<group>"; };
		BD1F4B2B0D37E50350CA4BDA /* libPods-AbloadtoolTests.a */ = {isa = PBXFileReference; explicitFileType = archive.ar; includeInIndex = 0; path = "libPods-AbloadtoolTests.a"; sourceTree = BUILT_PRODUCTS_DIR; };
		E7360DFC41E5F6F224B4DDA2 /* Pods-AbloadtoolTests.release.xcconfig */ = {isa = PBXFileReference; includeInIndex = 1; lastKnownFileType = text.xcconfig; name = "Pods-AbloadtoolTests.release.xcconfig"; path = "Pods/Target Support Files/Pods-AbloadtoolTests/Pods-AbloadtoolTests.release.xcconfig"; sourceTree = "<group>"; };
		FBAB2C2A8A42CF26F810AB14 /* libPods-AbloadtoolUITests.a */ = {isa = PBXFileReference; explicitFileType = archive.ar; includeInIndex = 0; path = "libPods-AbloadtoolUITests.a"; sourceTree = BUILT_PRODUCTS_DIR; };
		FE09CBE5EA925E488DE39672 /* Pods-Abloadtool.debug.xcconfig */ = {isa = PBXFileReference; includeInIndex = 1; lastKnownFileType = text.xcconfig; name = "Pods-Abloadtool.debug.xcconfig"; path = "Pods/Target Support Files/Pods-Abloadtool/Pods-Abloadtool.debug.xcconfig"; sourceTree = "<group>"; };
/* End PBXFileReference section */

/* Begin PBXFrameworksBuildPhase section */
		A1AD2D7A2035DF4C00777D07 /* Frameworks */ = {
			isa = PBXFrameworksBuildPhase;
			buildActionMask = 2147483647;
			files = (
			);
			runOnlyForDeploymentPostprocessing = 0;
		};
		A1EE6B551F864E0700F78F24 /* Frameworks */ = {
			isa = PBXFrameworksBuildPhase;
			buildActionMask = 2147483647;
			files = (
				A1866B982008D8DA00752895 /* libUzysAssetsPickerController.a in Frameworks */,
				A1E504DE1F8BECEB0029146D /* libXMLDictionary.a in Frameworks */,
				A1067D7D1F8652D0007D1D89 /* libAFNetworking.a in Frameworks */,
				3E3A6511E0C2E1EABD867CBC /* libPods-Abloadtool.a in Frameworks */,
			);
			runOnlyForDeploymentPostprocessing = 0;
		};
/* End PBXFrameworksBuildPhase section */

/* Begin PBXGroup section */
		15B5AA95DD45F0A80546805E /* Frameworks */ = {
			isa = PBXGroup;
			children = (
				A1262136204C79AA006E7D67 /* libAFNetworking.a */,
				A1866B992008D8DA00752895 /* libUzysAssetsPickerController.a */,
				A1623B261FD30BBE00B6DF49 /* libQBImagePickerController.a */,
				A1E504DF1F8BECEB0029146D /* libXMLDictionary.a */,
				A1067D7E1F8652D0007D1D89 /* libAFNetworking.a */,
				A20A928C3CA6579C7E7B319A /* libPods-Abloadtool.a */,
				BD1F4B2B0D37E50350CA4BDA /* libPods-AbloadtoolTests.a */,
				FBAB2C2A8A42CF26F810AB14 /* libPods-AbloadtoolUITests.a */,
			);
			name = Frameworks;
			sourceTree = "<group>";
		};
		A1049B24201105B50099A2AE /* SettingsViews */ = {
			isa = PBXGroup;
			children = (
				A1780F0D1FB5D807009BFED0 /* AT_SettingTableViewController.h */,
				A1780F0E1FB5D807009BFED0 /* AT_SettingTableViewController.m */,
				A1780F101FB60385009BFED0 /* AT_SettingGalleryTableViewController.h */,
				A1780F111FB60385009BFED0 /* AT_SettingGalleryTableViewController.m */,
				A11E2A561FCEBD16008055E4 /* AT_SettingResolutionTableViewController.h */,
				A11E2A571FCEBD16008055E4 /* AT_SettingResolutionTableViewController.m */,
				A11E2A531FCEBCF7008055E4 /* AT_SettingScaleTableViewController.h */,
				A11E2A541FCEBCF7008055E4 /* AT_SettingScaleTableViewController.m */,
				A1049B21201104BE0099A2AE /* AT_SettingOutputLinksTableViewController.h */,
				A1049B22201104BE0099A2AE /* AT_SettingOutputLinksTableViewController.m */,
			);
			name = SettingsViews;
			sourceTree = "<group>";
		};
		A181C69B202E0F9400DA6282 /* ExtraClasses */ = {
			isa = PBXGroup;
			children = (
				A17DD4582003A21700642310 /* AT_ImageTableViewCell.h */,
				A17DD4592003A21700642310 /* AT_ImageTableViewCell.m */,
				A17DD45B2003CD0500642310 /* AT_UploadTableViewCell.h */,
				A17DD45C2003CD0500642310 /* AT_UploadTableViewCell.m */,
			);
			name = ExtraClasses;
			sourceTree = "<group>";
		};
		A18EDF461FA3510500F8E80E /* Support Files */ = {
			isa = PBXGroup;
			children = (
				A18B58FC2012686100379284 /* Localizable.strings */,
				A1B00A7120139A9000059ADE /* InfoPlist.strings */,
				A18B58F1201266DA00379284 /* outputlinks.plist */,
				A18B58F5201266ED00379284 /* resolutions.plist */,
				A18B58F9201266F500379284 /* scalemethods.plist */,
				A1866B9A2008DB3B00752895 /* Abloadtool.entitlements */,
				A146C1F32012612B0070BC92 /* Info.plist */,
				A1EE6B691F864E0700F78F24 /* LaunchScreen.storyboard */,
				A1EE6B6D1F864E0700F78F24 /* main.m */,
			);
			name = "Support Files";
			sourceTree = "<group>";
		};
		A1AD2D7E2035DF4C00777D07 /* AbloadtoolShare */ = {
			isa = PBXGroup;
			children = (
				A1AD2D8C2035E0B000777D07 /* AbloadtoolShare.entitlements */,
				A1AD2D7F2035DF4C00777D07 /* ShareViewController.h */,
				A1AD2D802035DF4C00777D07 /* ShareViewController.m */,
				A1AD2D822035DF4C00777D07 /* MainInterface.storyboard */,
				A1AD2D852035DF4C00777D07 /* Info.plist */,
			);
			path = AbloadtoolShare;
			sourceTree = "<group>";
		};
		A1EE6B4F1F864E0700F78F24 = {
			isa = PBXGroup;
			children = (
				A1EE6B5A1F864E0700F78F24 /* Abloadtool */,
				A1AD2D7E2035DF4C00777D07 /* AbloadtoolShare */,
				A1EE6B591F864E0700F78F24 /* Products */,
				D0D11EB49D3E8A30403D0E30 /* Pods */,
				15B5AA95DD45F0A80546805E /* Frameworks */,
			);
			sourceTree = "<group>";
		};
		A1EE6B591F864E0700F78F24 /* Products */ = {
			isa = PBXGroup;
			children = (
				A1EE6B581F864E0700F78F24 /* Abloadtool.app */,
				A1AD2D7D2035DF4C00777D07 /* AbloadtoolShare.appex */,
			);
			name = Products;
			sourceTree = "<group>";
		};
		A1EE6B5A1F864E0700F78F24 /* Abloadtool */ = {
			isa = PBXGroup;
			children = (
				A1EE6B5B1F864E0700F78F24 /* AppDelegate.h */,
				A1EE6B5C1F864E0700F78F24 /* AppDelegate.m */,
				A1BAD3FB1FA251F400865051 /* AT_TabBarController.h */,
				A1BAD3FC1FA251F400865051 /* AT_TabBarController.m */,
				A18EDF421FA34E6300F8E80E /* AT_UploadTableViewController.h */,
				A18EDF431FA34E6300F8E80E /* AT_UploadTableViewController.m */,
				A1049B24201105B50099A2AE /* SettingsViews */,
				A1B1E3C61F98E70300C05787 /* AT_GalleryTableViewController.h */,
				A1B1E3C71F98E70300C05787 /* AT_GalleryTableViewController.m */,
				A1C5492920065BA900121C46 /* AT_ImageTableViewController.h */,
				A1C5492A20065BA900121C46 /* AT_ImageTableViewController.m */,
				A12E2274200759CF000623E5 /* AT_DetailedViewController.h */,
				A12E2275200759CF000623E5 /* AT_DetailedViewController.m */,
				A181C69C202E104700DA6282 /* AT_AboutTableViewController.h */,
				A181C69D202E104700DA6282 /* AT_AboutTableViewController.m */,
				A181C69B202E0F9400DA6282 /* ExtraClasses */,
				A1067D7F1F866CCF007D1D89 /* NetworkManager.h */,
				A1067D801F866CCF007D1D89 /* NetworkManager.m */,
				A1B00A642013734600059ADE /* UIImage+Scale.h */,
				A1B00A652013734600059ADE /* UIImage+Scale.m */,
				A1E504E01F8C06BB0029146D /* README.md */,
				A1B94BB71FB0769900929CBC /* LICENSE */,
				A1E504E11F8C06C70029146D /* API.md */,
				A1EE6B671F864E0700F78F24 /* Assets.xcassets */,
				A18EDF461FA3510500F8E80E /* Support Files */,
			);
			path = Abloadtool;
			sourceTree = "<group>";
		};
		D0D11EB49D3E8A30403D0E30 /* Pods */ = {
			isa = PBXGroup;
			children = (
				FE09CBE5EA925E488DE39672 /* Pods-Abloadtool.debug.xcconfig */,
				BB3EFA445ED4F087135CB5F9 /* Pods-Abloadtool.release.xcconfig */,
				0153291D76D079647D18A38C /* Pods-AbloadtoolTests.debug.xcconfig */,
				E7360DFC41E5F6F224B4DDA2 /* Pods-AbloadtoolTests.release.xcconfig */,
				B57E11279FF8618D7CEC1E87 /* Pods-AbloadtoolUITests.debug.xcconfig */,
				07340EA2D57CB46617C65DED /* Pods-AbloadtoolUITests.release.xcconfig */,
			);
			name = Pods;
			sourceTree = "<group>";
		};
/* End PBXGroup section */

/* Begin PBXNativeTarget section */
		A1AD2D7C2035DF4C00777D07 /* AbloadtoolShare */ = {
			isa = PBXNativeTarget;
			buildConfigurationList = A1AD2D892035DF4C00777D07 /* Build configuration list for PBXNativeTarget "AbloadtoolShare" */;
			buildPhases = (
				A1AD2D792035DF4C00777D07 /* Sources */,
				A1AD2D7A2035DF4C00777D07 /* Frameworks */,
				A1AD2D7B2035DF4C00777D07 /* Resources */,
			);
			buildRules = (
			);
			dependencies = (
			);
			name = AbloadtoolShare;
			productName = AbloadtoolShare;
			productReference = A1AD2D7D2035DF4C00777D07 /* AbloadtoolShare.appex */;
			productType = "com.apple.product-type.app-extension";
		};
		A1EE6B571F864E0700F78F24 /* Abloadtool */ = {
			isa = PBXNativeTarget;
			buildConfigurationList = A1EE6B871F864E0700F78F24 /* Build configuration list for PBXNativeTarget "Abloadtool" */;
			buildPhases = (
				7C2636DA51040BFDAE2E05A0 /* [CP] Check Pods Manifest.lock */,
				A1EE6B541F864E0700F78F24 /* Sources */,
				A1EE6B551F864E0700F78F24 /* Frameworks */,
				A1EE6B561F864E0700F78F24 /* Resources */,
				9A1661F0ECE508C90A524B57 /* [CP] Embed Pods Frameworks */,
				7329A63997B4B17DD631BDFB /* [CP] Copy Pods Resources */,
				A1AD2D772035D20700777D07 /* Embed App Extensions */,
			);
			buildRules = (
			);
			dependencies = (
				A1AD2D872035DF4C00777D07 /* PBXTargetDependency */,
			);
			name = Abloadtool;
			productName = Abloadtool;
			productReference = A1EE6B581F864E0700F78F24 /* Abloadtool.app */;
			productType = "com.apple.product-type.application";
		};
/* End PBXNativeTarget section */

/* Begin PBXProject section */
		A1EE6B501F864E0700F78F24 /* Project object */ = {
			isa = PBXProject;
			attributes = {
				LastUpgradeCheck = 0920;
				ORGANIZATIONNAME = "Andreas Kreisl";
				TargetAttributes = {
					A1AD2D7C2035DF4C00777D07 = {
						CreatedOnToolsVersion = 9.2;
						ProvisioningStyle = Automatic;
						SystemCapabilities = {
							com.apple.ApplicationGroups.iOS = {
								enabled = 1;
							};
						};
					};
					A1EE6B571F864E0700F78F24 = {
						CreatedOnToolsVersion = 9.0;
						ProvisioningStyle = Automatic;
						SystemCapabilities = {
							com.apple.ApplicationGroups.iOS = {
								enabled = 1;
							};
							com.apple.iCloud = {
								enabled = 0;
							};
						};
					};
				};
			};
			buildConfigurationList = A1EE6B531F864E0700F78F24 /* Build configuration list for PBXProject "Abloadtool" */;
			compatibilityVersion = "Xcode 8.0";
			developmentRegion = en;
			hasScannedForEncodings = 0;
			knownRegions = (
				en,
				de,
				Base,
			);
			mainGroup = A1EE6B4F1F864E0700F78F24;
			productRefGroup = A1EE6B591F864E0700F78F24 /* Products */;
			projectDirPath = "";
			projectRoot = "";
			targets = (
				A1EE6B571F864E0700F78F24 /* Abloadtool */,
				A1AD2D7C2035DF4C00777D07 /* AbloadtoolShare */,
			);
		};
/* End PBXProject section */

/* Begin PBXResourcesBuildPhase section */
		A1AD2D7B2035DF4C00777D07 /* Resources */ = {
			isa = PBXResourcesBuildPhase;
			buildActionMask = 2147483647;
			files = (
				A1AD2D842035DF4C00777D07 /* MainInterface.storyboard in Resources */,
				A1AD2D8D203618E800777D07 /* Localizable.strings in Resources */,
			);
			runOnlyForDeploymentPostprocessing = 0;
		};
		A1EE6B561F864E0700F78F24 /* Resources */ = {
			isa = PBXResourcesBuildPhase;
			buildActionMask = 2147483647;
			files = (
				A18B58F3201266ED00379284 /* resolutions.plist in Resources */,
				A1B94BB81FB0769900929CBC /* LICENSE in Resources */,
				A1EE6B6B1F864E0700F78F24 /* LaunchScreen.storyboard in Resources */,
				A1EE6B681F864E0700F78F24 /* Assets.xcassets in Resources */,
				A18B58EF201266DA00379284 /* outputlinks.plist in Resources */,
				A18B58FE2012686100379284 /* Localizable.strings in Resources */,
				A18B58F7201266F500379284 /* scalemethods.plist in Resources */,
				A1B00A6F20139A9000059ADE /* InfoPlist.strings in Resources */,
			);
			runOnlyForDeploymentPostprocessing = 0;
		};
/* End PBXResourcesBuildPhase section */

/* Begin PBXShellScriptBuildPhase section */
		7329A63997B4B17DD631BDFB /* [CP] Copy Pods Resources */ = {
			isa = PBXShellScriptBuildPhase;
			buildActionMask = 2147483647;
			files = (
			);
			inputPaths = (
				"${SRCROOT}/Pods/Target Support Files/Pods-Abloadtool/Pods-Abloadtool-resources.sh",
				"${PODS_ROOT}/UzysAssetsPickerController/UzysAssetsPickerController/Library/UzysAssetsPickerController.xib",
				"${PODS_ROOT}/UzysAssetsPickerController/UzysAssetsPickerController/Library/UzysAssetPickerController.bundle",
			);
			name = "[CP] Copy Pods Resources";
			outputPaths = (
				"${TARGET_BUILD_DIR}/${UNLOCALIZED_RESOURCES_FOLDER_PATH}",
			);
			runOnlyForDeploymentPostprocessing = 0;
			shellPath = /bin/sh;
			shellScript = "\"${SRCROOT}/Pods/Target Support Files/Pods-Abloadtool/Pods-Abloadtool-resources.sh\"\n";
			showEnvVarsInLog = 0;
		};
		7C2636DA51040BFDAE2E05A0 /* [CP] Check Pods Manifest.lock */ = {
			isa = PBXShellScriptBuildPhase;
			buildActionMask = 2147483647;
			files = (
			);
			inputPaths = (
				"${PODS_PODFILE_DIR_PATH}/Podfile.lock",
				"${PODS_ROOT}/Manifest.lock",
			);
			name = "[CP] Check Pods Manifest.lock";
			outputPaths = (
				"$(DERIVED_FILE_DIR)/Pods-Abloadtool-checkManifestLockResult.txt",
			);
			runOnlyForDeploymentPostprocessing = 0;
			shellPath = /bin/sh;
			shellScript = "diff \"${PODS_PODFILE_DIR_PATH}/Podfile.lock\" \"${PODS_ROOT}/Manifest.lock\" > /dev/null\nif [ $? != 0 ] ; then\n    # print error to STDERR\n    echo \"error: The sandbox is not in sync with the Podfile.lock. Run 'pod install' or update your CocoaPods installation.\" >&2\n    exit 1\nfi\n# This output is used by Xcode 'outputs' to avoid re-running this script phase.\necho \"SUCCESS\" > \"${SCRIPT_OUTPUT_FILE_0}\"\n";
			showEnvVarsInLog = 0;
		};
		9A1661F0ECE508C90A524B57 /* [CP] Embed Pods Frameworks */ = {
			isa = PBXShellScriptBuildPhase;
			buildActionMask = 2147483647;
			files = (
			);
			inputPaths = (
			);
			name = "[CP] Embed Pods Frameworks";
			outputPaths = (
			);
			runOnlyForDeploymentPostprocessing = 0;
			shellPath = /bin/sh;
			shellScript = "\"${SRCROOT}/Pods/Target Support Files/Pods-Abloadtool/Pods-Abloadtool-frameworks.sh\"\n";
			showEnvVarsInLog = 0;
		};
/* End PBXShellScriptBuildPhase section */

/* Begin PBXSourcesBuildPhase section */
		A1AD2D792035DF4C00777D07 /* Sources */ = {
			isa = PBXSourcesBuildPhase;
			buildActionMask = 2147483647;
			files = (
				A1AD2D812035DF4C00777D07 /* ShareViewController.m in Sources */,
			);
			runOnlyForDeploymentPostprocessing = 0;
		};
		A1EE6B541F864E0700F78F24 /* Sources */ = {
			isa = PBXSourcesBuildPhase;
			buildActionMask = 2147483647;
			files = (
				A1049B23201104BE0099A2AE /* AT_SettingOutputLinksTableViewController.m in Sources */,
				A17DD45A2003A21700642310 /* AT_ImageTableViewCell.m in Sources */,
				A18EDF441FA34E6300F8E80E /* AT_UploadTableViewController.m in Sources */,
				A1C5492B20065BA900121C46 /* AT_ImageTableViewController.m in Sources */,
				A1780F121FB60385009BFED0 /* AT_SettingGalleryTableViewController.m in Sources */,
				A1EE6B5D1F864E0700F78F24 /* AppDelegate.m in Sources */,
				A1BAD3FD1FA251F400865051 /* AT_TabBarController.m in Sources */,
				A1780F0F1FB5D807009BFED0 /* AT_SettingTableViewController.m in Sources */,
				A181C69E202E104700DA6282 /* AT_AboutTableViewController.m in Sources */,
				A11E2A581FCEBD16008055E4 /* AT_SettingResolutionTableViewController.m in Sources */,
				A12E2276200759CF000623E5 /* AT_DetailedViewController.m in Sources */,
				A11E2A551FCEBCF7008055E4 /* AT_SettingScaleTableViewController.m in Sources */,
				A17DD45D2003CD0500642310 /* AT_UploadTableViewCell.m in Sources */,
				A1EE6B6E1F864E0700F78F24 /* main.m in Sources */,
				A1B1E3C81F98E70300C05787 /* AT_GalleryTableViewController.m in Sources */,
				A1067D811F866CCF007D1D89 /* NetworkManager.m in Sources */,
				A1B00A662013734600059ADE /* UIImage+Scale.m in Sources */,
			);
			runOnlyForDeploymentPostprocessing = 0;
		};
/* End PBXSourcesBuildPhase section */

/* Begin PBXTargetDependency section */
		A1AD2D872035DF4C00777D07 /* PBXTargetDependency */ = {
			isa = PBXTargetDependency;
			target = A1AD2D7C2035DF4C00777D07 /* AbloadtoolShare */;
			targetProxy = A1AD2D862035DF4C00777D07 /* PBXContainerItemProxy */;
		};
/* End PBXTargetDependency section */

/* Begin PBXVariantGroup section */
		A18B58F1201266DA00379284 /* outputlinks.plist */ = {
			isa = PBXVariantGroup;
			children = (
				A18B58F0201266DA00379284 /* en */,
				A18B58F2201266DC00379284 /* de */,
			);
			name = outputlinks.plist;
			sourceTree = "<group>";
		};
		A18B58F5201266ED00379284 /* resolutions.plist */ = {
			isa = PBXVariantGroup;
			children = (
				A18B58F4201266ED00379284 /* en */,
				A18B58F6201266EF00379284 /* de */,
			);
			name = resolutions.plist;
			sourceTree = "<group>";
		};
		A18B58F9201266F500379284 /* scalemethods.plist */ = {
			isa = PBXVariantGroup;
			children = (
				A18B58F8201266F500379284 /* en */,
				A18B58FA201266F700379284 /* de */,
			);
			name = scalemethods.plist;
			sourceTree = "<group>";
		};
		A18B58FC2012686100379284 /* Localizable.strings */ = {
			isa = PBXVariantGroup;
			children = (
				A18B58FD2012686100379284 /* en */,
				A18B58FF2012686A00379284 /* de */,
			);
			name = Localizable.strings;
			sourceTree = "<group>";
		};
		A1AD2D822035DF4C00777D07 /* MainInterface.storyboard */ = {
			isa = PBXVariantGroup;
			children = (
				A1AD2D832035DF4C00777D07 /* Base */,
			);
			name = MainInterface.storyboard;
			sourceTree = "<group>";
		};
		A1B00A7120139A9000059ADE /* InfoPlist.strings */ = {
			isa = PBXVariantGroup;
			children = (
				A1B00A7020139A9000059ADE /* en */,
				A1B00A7220139A9400059ADE /* de */,
			);
			name = InfoPlist.strings;
			sourceTree = "<group>";
		};
		A1EE6B691F864E0700F78F24 /* LaunchScreen.storyboard */ = {
			isa = PBXVariantGroup;
			children = (
				A18B58FB2012675D00379284 /* en */,
			);
			name = LaunchScreen.storyboard;
			sourceTree = "<group>";
		};
/* End PBXVariantGroup section */

/* Begin XCBuildConfiguration section */
		A1AD2D8A2035DF4C00777D07 /* Debug */ = {
			isa = XCBuildConfiguration;
			buildSettings = {
				CODE_SIGN_ENTITLEMENTS = AbloadtoolShare/AbloadtoolShare.entitlements;
				CODE_SIGN_STYLE = Automatic;
				DEVELOPMENT_TEAM = RYEH6L2AC3;
				INFOPLIST_FILE = AbloadtoolShare/Info.plist;
				IPHONEOS_DEPLOYMENT_TARGET = 11.0;
				LD_RUNPATH_SEARCH_PATHS = "$(inherited) @executable_path/Frameworks @executable_path/../../Frameworks";
				PRODUCT_BUNDLE_IDENTIFIER = de.bluepaw.Abloadtool.AbloadtoolShare;
				PRODUCT_NAME = "$(TARGET_NAME)";
				SKIP_INSTALL = YES;
				TARGETED_DEVICE_FAMILY = "1,2";
			};
			name = Debug;
		};
		A1AD2D8B2035DF4C00777D07 /* Release */ = {
			isa = XCBuildConfiguration;
			buildSettings = {
				CODE_SIGN_ENTITLEMENTS = AbloadtoolShare/AbloadtoolShare.entitlements;
				CODE_SIGN_STYLE = Automatic;
				DEVELOPMENT_TEAM = RYEH6L2AC3;
				INFOPLIST_FILE = AbloadtoolShare/Info.plist;
				IPHONEOS_DEPLOYMENT_TARGET = 11.0;
				LD_RUNPATH_SEARCH_PATHS = "$(inherited) @executable_path/Frameworks @executable_path/../../Frameworks";
				PRODUCT_BUNDLE_IDENTIFIER = de.bluepaw.Abloadtool.AbloadtoolShare;
				PRODUCT_NAME = "$(TARGET_NAME)";
				SKIP_INSTALL = YES;
				TARGETED_DEVICE_FAMILY = "1,2";
			};
			name = Release;
		};
		A1EE6B851F864E0700F78F24 /* Debug */ = {
			isa = XCBuildConfiguration;
			buildSettings = {
				ALWAYS_SEARCH_USER_PATHS = NO;
				CLANG_ANALYZER_LOCALIZABILITY_NONLOCALIZED = YES;
				CLANG_ANALYZER_NONNULL = YES;
				CLANG_ANALYZER_NUMBER_OBJECT_CONVERSION = YES_AGGRESSIVE;
				CLANG_CXX_LANGUAGE_STANDARD = "gnu++14";
				CLANG_CXX_LIBRARY = "libc++";
				CLANG_ENABLE_MODULES = YES;
				CLANG_ENABLE_OBJC_ARC = YES;
				CLANG_WARN_BLOCK_CAPTURE_AUTORELEASING = YES;
				CLANG_WARN_BOOL_CONVERSION = YES;
				CLANG_WARN_COMMA = YES;
				CLANG_WARN_CONSTANT_CONVERSION = YES;
				CLANG_WARN_DIRECT_OBJC_ISA_USAGE = YES_ERROR;
				CLANG_WARN_DOCUMENTATION_COMMENTS = YES;
				CLANG_WARN_EMPTY_BODY = YES;
				CLANG_WARN_ENUM_CONVERSION = YES;
				CLANG_WARN_INFINITE_RECURSION = YES;
				CLANG_WARN_INT_CONVERSION = YES;
				CLANG_WARN_NON_LITERAL_NULL_CONVERSION = YES;
				CLANG_WARN_OBJC_LITERAL_CONVERSION = YES;
				CLANG_WARN_OBJC_ROOT_CLASS = YES_ERROR;
				CLANG_WARN_RANGE_LOOP_ANALYSIS = YES;
				CLANG_WARN_STRICT_PROTOTYPES = YES;
				CLANG_WARN_SUSPICIOUS_MOVE = YES;
				CLANG_WARN_UNGUARDED_AVAILABILITY = YES_AGGRESSIVE;
				CLANG_WARN_UNREACHABLE_CODE = YES;
				CLANG_WARN__DUPLICATE_METHOD_MATCH = YES;
				CODE_SIGN_IDENTITY = "iPhone Developer";
				COPY_PHASE_STRIP = NO;
				DEBUG_INFORMATION_FORMAT = dwarf;
				ENABLE_STRICT_OBJC_MSGSEND = YES;
				ENABLE_TESTABILITY = YES;
				GCC_C_LANGUAGE_STANDARD = gnu11;
				GCC_DYNAMIC_NO_PIC = NO;
				GCC_NO_COMMON_BLOCKS = YES;
				GCC_OPTIMIZATION_LEVEL = 0;
				GCC_PREPROCESSOR_DEFINITIONS = (
					"DEBUG=1",
					"$(inherited)",
				);
				GCC_WARN_64_TO_32_BIT_CONVERSION = YES;
				GCC_WARN_ABOUT_RETURN_TYPE = YES_ERROR;
				GCC_WARN_UNDECLARED_SELECTOR = YES;
				GCC_WARN_UNINITIALIZED_AUTOS = YES_AGGRESSIVE;
				GCC_WARN_UNUSED_FUNCTION = YES;
				GCC_WARN_UNUSED_VARIABLE = YES;
				IPHONEOS_DEPLOYMENT_TARGET = 11.0;
				MTL_ENABLE_DEBUG_INFO = YES;
				ONLY_ACTIVE_ARCH = YES;
				SDKROOT = iphoneos;
			};
			name = Debug;
		};
		A1EE6B861F864E0700F78F24 /* Release */ = {
			isa = XCBuildConfiguration;
			buildSettings = {
				ALWAYS_SEARCH_USER_PATHS = NO;
				CLANG_ANALYZER_LOCALIZABILITY_NONLOCALIZED = YES;
				CLANG_ANALYZER_NONNULL = YES;
				CLANG_ANALYZER_NUMBER_OBJECT_CONVERSION = YES_AGGRESSIVE;
				CLANG_CXX_LANGUAGE_STANDARD = "gnu++14";
				CLANG_CXX_LIBRARY = "libc++";
				CLANG_ENABLE_MODULES = YES;
				CLANG_ENABLE_OBJC_ARC = YES;
				CLANG_WARN_BLOCK_CAPTURE_AUTORELEASING = YES;
				CLANG_WARN_BOOL_CONVERSION = YES;
				CLANG_WARN_COMMA = YES;
				CLANG_WARN_CONSTANT_CONVERSION = YES;
				CLANG_WARN_DIRECT_OBJC_ISA_USAGE = YES_ERROR;
				CLANG_WARN_DOCUMENTATION_COMMENTS = YES;
				CLANG_WARN_EMPTY_BODY = YES;
				CLANG_WARN_ENUM_CONVERSION = YES;
				CLANG_WARN_INFINITE_RECURSION = YES;
				CLANG_WARN_INT_CONVERSION = YES;
				CLANG_WARN_NON_LITERAL_NULL_CONVERSION = YES;
				CLANG_WARN_OBJC_LITERAL_CONVERSION = YES;
				CLANG_WARN_OBJC_ROOT_CLASS = YES_ERROR;
				CLANG_WARN_RANGE_LOOP_ANALYSIS = YES;
				CLANG_WARN_STRICT_PROTOTYPES = YES;
				CLANG_WARN_SUSPICIOUS_MOVE = YES;
				CLANG_WARN_UNGUARDED_AVAILABILITY = YES_AGGRESSIVE;
				CLANG_WARN_UNREACHABLE_CODE = YES;
				CLANG_WARN__DUPLICATE_METHOD_MATCH = YES;
				CODE_SIGN_IDENTITY = "iPhone Developer";
				COPY_PHASE_STRIP = NO;
				DEBUG_INFORMATION_FORMAT = "dwarf-with-dsym";
				ENABLE_NS_ASSERTIONS = NO;
				ENABLE_STRICT_OBJC_MSGSEND = YES;
				GCC_C_LANGUAGE_STANDARD = gnu11;
				GCC_NO_COMMON_BLOCKS = YES;
				GCC_WARN_64_TO_32_BIT_CONVERSION = YES;
				GCC_WARN_ABOUT_RETURN_TYPE = YES_ERROR;
				GCC_WARN_UNDECLARED_SELECTOR = YES;
				GCC_WARN_UNINITIALIZED_AUTOS = YES_AGGRESSIVE;
				GCC_WARN_UNUSED_FUNCTION = YES;
				GCC_WARN_UNUSED_VARIABLE = YES;
				IPHONEOS_DEPLOYMENT_TARGET = 11.0;
				MTL_ENABLE_DEBUG_INFO = NO;
				SDKROOT = iphoneos;
				VALIDATE_PRODUCT = YES;
			};
			name = Release;
		};
		A1EE6B881F864E0700F78F24 /* Debug */ = {
			isa = XCBuildConfiguration;
			baseConfigurationReference = FE09CBE5EA925E488DE39672 /* Pods-Abloadtool.debug.xcconfig */;
			buildSettings = {
				ASSETCATALOG_COMPILER_APPICON_NAME = AppIcon;
				CODE_SIGN_ENTITLEMENTS = Abloadtool/Abloadtool.entitlements;
				CODE_SIGN_STYLE = Automatic;
				DEVELOPMENT_TEAM = RYEH6L2AC3;
				INFOPLIST_FILE = Abloadtool/Info.plist;
				IPHONEOS_DEPLOYMENT_TARGET = 11.0;
				LD_RUNPATH_SEARCH_PATHS = "$(inherited) @executable_path/Frameworks";
				PRODUCT_BUNDLE_IDENTIFIER = de.bluepaw.Abloadtool;
				PRODUCT_NAME = "$(TARGET_NAME)";
				TARGETED_DEVICE_FAMILY = "1,2";
			};
			name = Debug;
		};
		A1EE6B891F864E0700F78F24 /* Release */ = {
			isa = XCBuildConfiguration;
			baseConfigurationReference = BB3EFA445ED4F087135CB5F9 /* Pods-Abloadtool.release.xcconfig */;
			buildSettings = {
				ASSETCATALOG_COMPILER_APPICON_NAME = AppIcon;
				CODE_SIGN_ENTITLEMENTS = Abloadtool/Abloadtool.entitlements;
				CODE_SIGN_STYLE = Automatic;
				DEVELOPMENT_TEAM = RYEH6L2AC3;
				INFOPLIST_FILE = Abloadtool/Info.plist;
				IPHONEOS_DEPLOYMENT_TARGET = 11.0;
				LD_RUNPATH_SEARCH_PATHS = "$(inherited) @executable_path/Frameworks";
				PRODUCT_BUNDLE_IDENTIFIER = de.bluepaw.Abloadtool;
				PRODUCT_NAME = "$(TARGET_NAME)";
				TARGETED_DEVICE_FAMILY = "1,2";
			};
			name = Release;
		};
/* End XCBuildConfiguration section */

/* Begin XCConfigurationList section */
		A1AD2D892035DF4C00777D07 /* Build configuration list for PBXNativeTarget "AbloadtoolShare" */ = {
			isa = XCConfigurationList;
			buildConfigurations = (
				A1AD2D8A2035DF4C00777D07 /* Debug */,
				A1AD2D8B2035DF4C00777D07 /* Release */,
			);
			defaultConfigurationIsVisible = 0;
			defaultConfigurationName = Release;
		};
		A1EE6B531F864E0700F78F24 /* Build configuration list for PBXProject "Abloadtool" */ = {
			isa = XCConfigurationList;
			buildConfigurations = (
				A1EE6B851F864E0700F78F24 /* Debug */,
				A1EE6B861F864E0700F78F24 /* Release */,
			);
			defaultConfigurationIsVisible = 0;
			defaultConfigurationName = Release;
		};
		A1EE6B871F864E0700F78F24 /* Build configuration list for PBXNativeTarget "Abloadtool" */ = {
			isa = XCConfigurationList;
			buildConfigurations = (
				A1EE6B881F864E0700F78F24 /* Debug */,
				A1EE6B891F864E0700F78F24 /* Release */,
			);
			defaultConfigurationIsVisible = 0;
			defaultConfigurationName = Release;
		};
/* End XCConfigurationList section */
	};
	rootObject = A1EE6B501F864E0700F78F24 /* Project object */;
}
